
Microsoft Visual Studio Solution File, Format Version 12.00
# Visual Studio Version 16
VisualStudioVersion = 16.0.29613.14
MinimumVisualStudioVersion = 10.0.40219.1
Project("{FAE04EC0-301F-11D3-BF4B-00C04F79EFBC}") = "Online Shop", "Online Shop\Online Shop.csproj", "{A1160E78-3C1D-487E-8BE5-8636BC02EC71}"
EndProject
Global
	GlobalSection(SolutionConfigurationPlatforms) = preSolution
		Debug|Any CPU = Debug|Any CPU
		Release|Any CPU = Release|Any CPU
	EndGlobalSection
	GlobalSection(ProjectConfigurationPlatforms) = postSolution
		{A1160E78-3C1D-487E-8BE5-8636BC02EC71}.Debug|Any CPU.ActiveCfg = Debug|Any CPU
		{A1160E78-3C1D-487E-8BE5-8636BC02EC71}.Debug|Any CPU.Build.0 = Debug|Any CPU
		{A1160E78-3C1D-487E-8BE5-8636BC02EC71}.Release|Any CPU.ActiveCfg = Release|Any CPU
		{A1160E78-3C1D-487E-8BE5-8636BC02EC71}.Release|Any CPU.Build.0 = Release|Any CPU
	EndGlobalSection
	GlobalSection(SolutionProperties) = preSolution
		HideSolutionNode = FALSE
	EndGlobalSection
	GlobalSection(ExtensibilityGlobals) = postSolution
		SolutionGuid = {90A6B492-B0E7-4098-AD95-55E964E2E763}
	EndGlobalSection
EndGlobal
